github.com/encas-parka/cookbook-content v0.0.0-20231012111152-54a642608bef h1:h6WBjiX+kO7k8O1w1geUHsuEm4aqzUgRu7xhs5/i9lQ=
github.com/encas-parka/cookbook-content v0.0.0-20231012111152-54a642608bef/go.mod h1:uBIkulrwAT6dSjDDGg2DDtIzrp1vq7PGx7RJWvFqLiA=
github.com/encas-parka/cookbook-content v0.0.0-20231012114805-9f36b90f018d h1:AbRCdoc4rhHHCrjpZNTxOT2OC4a2QmqW+nK9XFTjQNA=
github.com/encas-parka/cookbook-content v0.0.0-20231012114805-9f36b90f018d/go.mod h1:r/hldGEBEZaUVSPLkpCdtwM9DhJamDokJ973MMAmKK0=
